
Microsoft Visual Studio Solution File, Format Version 12.00
# Visual Studio 15
Project("{FAE04EC0-301F-11D3-BF4B-00C04F79EFBC}") = "Assembly-CSharp-Editor", "Assembly-CSharp-Editor.csproj", "{05F03307-841D-ED69-68F6-5CA5D61CD75D}"
EndProject
Project("{FAE04EC0-301F-11D3-BF4B-00C04F79EFBC}") = "Assembly-CSharp", "Assembly-CSharp.csproj", "{373089FD-5137-0784-A288-C8DBCAC5B00E}"
EndProject
Global
	GlobalSection(SolutionConfigurationPlatforms) = preSolution
		Debug|Any CPU = Debug|Any CPU
		Release|Any CPU = Release|Any CPU
	EndGlobalSection
	GlobalSection(ProjectConfigurationPlatforms) = postSolution
		{05F03307-841D-ED69-68F6-5CA5D61CD75D}.Debug|Any CPU.ActiveCfg = Debug|Any CPU
		{05F03307-841D-ED69-68F6-5CA5D61CD75D}.Debug|Any CPU.Build.0 = Debug|Any CPU
		{05F03307-841D-ED69-68F6-5CA5D61CD75D}.Release|Any CPU.ActiveCfg = Release|Any CPU
		{05F03307-841D-ED69-68F6-5CA5D61CD75D}.Release|Any CPU.Build.0 = Release|Any CPU
		{373089FD-5137-0784-A288-C8DBCAC5B00E}.Debug|Any CPU.ActiveCfg = Debug|Any CPU
		{373089FD-5137-0784-A288-C8DBCAC5B00E}.Debug|Any CPU.Build.0 = Debug|Any CPU
		{373089FD-5137-0784-A288-C8DBCAC5B00E}.Release|Any CPU.ActiveCfg = Release|Any CPU
		{373089FD-5137-0784-A288-C8DBCAC5B00E}.Release|Any CPU.Build.0 = Release|Any CPU
	EndGlobalSection
	GlobalSection(SolutionProperties) = preSolution
		HideSolutionNode = FALSE
	EndGlobalSection
EndGlobal
